# THIS IS AN AUTOGENERATED FILE. DO NOT EDIT THIS FILE DIRECTLY.
# yarn lockfile v1


"@fortawesome/fontawesome-free@^5.7.2":
  version "5.7.2"
  resolved "https://registry.yarnpkg.com/@fortawesome/fontawesome-free/-/fontawesome-free-5.7.2.tgz#1498c3eb78ee7c78c5488418707de90aaf58d5d7"
  integrity sha512-Ha4HshKdCVKgu4TVCtG8XyPPYdzTzNW4/fvPnn+LT7AosRABryhlRv4cc4+o84dgpvVJN9reN7jo/c+nYujFug==

aos@^2.3.4:
  version "2.3.4"
  resolved "https://registry.yarnpkg.com/aos/-/aos-2.3.4.tgz#eb1c29f5c1806a197cf6323080747547edd3db8e"
  integrity sha512-zh/ahtR2yME4I51z8IttIt4lC1Nw0ktsFtmeDzID1m9naJnWXhCoARaCgNOGXb5CLy3zm+wqmRAEgMYB5E2HUw==
  dependencies:
    classlist-polyfill "^1.0.3"
    lodash.debounce "^4.0.6"
    lodash.throttle "^4.0.1"

bootstrap@^4.3.1:
  version "4.3.1"
  resolved "https://registry.yarnpkg.com/bootstrap/-/bootstrap-4.3.1.tgz#280ca8f610504d99d7b6b4bfc4b68cec601704ac"
  integrity sha512-rXqOmH1VilAt2DyPzluTi2blhk17bO7ef+zLLPlWvG494pDxcM234pJ8wTc/6R40UWizAIIMgxjvxZg5kmsbag==

classlist-polyfill@^1.0.3:
  version "1.2.0"
  resolved "https://registry.yarnpkg.com/classlist-polyfill/-/classlist-polyfill-1.2.0.tgz#935bc2dfd9458a876b279617514638bcaa964a2e"
  integrity sha1-k1vC39lFiodrJ5YXUUY4vKqWSi4=

jquery@^3.3.1:
  version "3.3.1"
  resolved "https://registry.yarnpkg.com/jquery/-/jquery-3.3.1.tgz#958ce29e81c9790f31be7792df5d4d95fc57fbca"
  integrity sha512-Ubldcmxp5np52/ENotGxlLe6aGMvmF4R8S6tZjsP6Knsaxd/xp3Zrh50cG93lR6nPXyUFwzN3ZSOQI0wRJNdGg==

lodash.debounce@^4.0.6:
  version "4.0.8"
  resolved "https://registry.yarnpkg.com/lodash.debounce/-/lodash.debounce-4.0.8.tgz#82d79bff30a67c4005ffd5e2515300ad9ca4d7af"
  integrity sha1-gteb/zCmfEAF/9XiUVMArZyk168=

lodash.throttle@^4.0.1:
  version "4.1.1"
  resolved "https://registry.yarnpkg.com/lodash.throttle/-/lodash.throttle-4.1.1.tgz#c23e91b710242ac70c37f1e1cda9274cc39bf2f4"
  integrity sha1-wj6RtxAkKscMN/HhzaknTMOb8vQ=

popper.js@^1.14.7:
  version "1.14.7"
  resolved "https://registry.yarnpkg.com/popper.js/-/popper.js-1.14.7.tgz#e31ec06cfac6a97a53280c3e55e4e0c860e7738e"
  integrity sha512-4q1hNvoUre/8srWsH7hnoSJ5xVmIL4qgz+s4qf2TnJIMyZFUFMGH+9vE7mXynAlHSZ/NdTmmow86muD0myUkVQ==
